{
  "name": "@elastic/eui",
  "version": "38.0.0",
  "lockfileVersion": 1,
  "requires": true,
  "dependencies": {
    "yarn": {
      "version": "1.22.11",
      "resolved": "https://registry.npmjs.org/yarn/-/yarn-1.22.11.tgz",
      "integrity": "sha512-AWje4bzqO9RUn3sdnM5N8n4ZJ0BqCc/kqFJvpOI5/EVkINXui0yuvU7NDCEF//+WaxHuNay2uOHxA4+tq1P3cg=="
    }
  }
}
